{
  "name": "@unerp/sdk",
  "version": "1.0.2",
  "lockfileVersion": 3,
  "requires": true,
  "packages": {
    "": {
      "name": "@unerp/sdk",
      "version": "1.0.2",
      "dependencies": {
        "@unerp/contracts": "^1.0.0"
      },
      "devDependencies": {
        "typescript": "^5.7.0"
      }
    },
    "node_modules/@unerp/contracts": {
      "version": "1.0.2",
      "resolved": "http://localhost:4873/@unerp/contracts/-/contracts-1.0.2.tgz",
      "integrity": "sha512-DeTbONoOHUNsWurZ7t8n5kUam/0sIxclFaz5Dr1CAeWJYI0k0Qg/HOVcG90vkSJxovG1yRsroqO9slZ8EbezHQ=="
    },
    "node_modules/typescript": {
      "version": "5.9.3",
      "resolved": "http://localhost:4873/typescript/-/typescript-5.9.3.tgz",
      "integrity": "sha512-jl1vZzPDinLr9eUt3J/t7V6FgNEw9QjvBPdysz9KfQDD41fQrC2Y4vKQdiaUpFT4bXlb1RHhLpp8wtm6M5TgSw==",
      "dev": true,
      "license": "Apache-2.0",
      "bin": {
        "tsc": "bin/tsc",
        "tsserver": "bin/tsserver"
      },
      "engines": {
        "node": ">=14.17"
      }
    }
  }
}
